
Microsoft Visual Studio Solution File, Format Version 12.00
# Visual Studio Version 16
VisualStudioVersion = 16.0.30011.22
MinimumVisualStudioVersion = 10.0.40219.1
Project("{FAE04EC0-301F-11D3-BF4B-00C04F79EFBC}") = "ProjectorProMobile.UWP", "ProjectorProMobile\ProjectorProMobile.UWP\ProjectorProMobile.UWP.csproj", "{382D35CB-2F13-4801-A728-210F803DAADB}"
EndProject
Project("{FAE04EC0-301F-11D3-BF4B-00C04F79EFBC}") = "ProjectorProMobile.Android", "ProjectorProMobile\ProjectorProMobile.Android\ProjectorProMobile.Android.csproj", "{E2F46E76-1514-418C-B1C9-39051CB85012}"
EndProject
Project("{FAE04EC0-301F-11D3-BF4B-00C04F79EFBC}") = "ProjectorProMobile.iOS", "ProjectorProMobile\ProjectorProMobile.iOS\ProjectorProMobile.iOS.csproj", "{0ED5E4A2-BB64-45D8-80DD-75F07E1FEDDD}"
EndProject
Project("{9A19103F-16F7-4668-BE54-9A1E7A4F7556}") = "ProjectorProMobile", "ProjectorProMobile\ProjectorProMobile\ProjectorProMobile.csproj", "{63A12F49-362F-4560-9754-174AA7DE63E5}"
EndProject
Global
	GlobalSection(SolutionConfigurationPlatforms) = preSolution
		Debug|Any CPU = Debug|Any CPU
		Debug|ARM = Debug|ARM
		Debug|iPhone = Debug|iPhone
		Debug|iPhoneSimulator = Debug|iPhoneSimulator
		Debug|x64 = Debug|x64
		Debug|x86 = Debug|x86
		Release|Any CPU = Release|Any CPU
		Release|ARM = Release|ARM
		Release|iPhone = Release|iPhone
		Release|iPhoneSimulator = Release|iPhoneSimulator
		Release|x64 = Release|x64
		Release|x86 = Release|x86
	EndGlobalSection
	GlobalSection(ProjectConfigurationPlatforms) = postSolution
		{382D35CB-2F13-4801-A728-210F803DAADB}.Debug|Any CPU.ActiveCfg = Debug|x86
		{382D35CB-2F13-4801-A728-210F803DAADB}.Debug|Any CPU.Build.0 = Debug|x86
		{382D35CB-2F13-4801-A728-210F803DAADB}.Debug|Any CPU.Deploy.0 = Debug|x86
		{382D35CB-2F13-4801-A728-210F803DAADB}.Debug|ARM.ActiveCfg = Debug|ARM
		{382D35CB-2F13-4801-A728-210F803DAADB}.Debug|ARM.Build.0 = Debug|ARM
		{382D35CB-2F13-4801-A728-210F803DAADB}.Debug|ARM.Deploy.0 = Debug|ARM
		{382D35CB-2F13-4801-A728-210F803DAADB}.Debug|iPhone.ActiveCfg = Debug|x86
		{382D35CB-2F13-4801-A728-210F803DAADB}.Debug|iPhone.Build.0 = Debug|x86
		{382D35CB-2F13-4801-A728-210F803DAADB}.Debug|iPhone.Deploy.0 = Debug|x86
		{382D35CB-2F13-4801-A728-210F803DAADB}.Debug|iPhoneSimulator.ActiveCfg = Debug|x86
		{382D35CB-2F13-4801-A728-210F803DAADB}.Debug|iPhoneSimulator.Build.0 = Debug|x86
		{382D35CB-2F13-4801-A728-210F803DAADB}.Debug|iPhoneSimulator.Deploy.0 = Debug|x86
		{382D35CB-2F13-4801-A728-210F803DAADB}.Debug|x64.ActiveCfg = Debug|x64
		{382D35CB-2F13-4801-A728-210F803DAADB}.Debug|x64.Build.0 = Debug|x64
		{382D35CB-2F13-4801-A728-210F803DAADB}.Debug|x64.Deploy.0 = Debug|x64
		{382D35CB-2F13-4801-A728-210F803DAADB}.Debug|x86.ActiveCfg = Debug|x86
		{382D35CB-2F13-4801-A728-210F803DAADB}.Debug|x86.Build.0 = Debug|x86
		{382D35CB-2F13-4801-A728-210F803DAADB}.Debug|x86.Deploy.0 = Debug|x86
		{382D35CB-2F13-4801-A728-210F803DAADB}.Release|Any CPU.ActiveCfg = Release|x86
		{382D35CB-2F13-4801-A728-210F803DAADB}.Release|Any CPU.Build.0 = Release|x86
		{382D35CB-2F13-4801-A728-210F803DAADB}.Release|Any CPU.Deploy.0 = Release|x86
		{382D35CB-2F13-4801-A728-210F803DAADB}.Release|ARM.ActiveCfg = Release|ARM
		{382D35CB-2F13-4801-A728-210F803DAADB}.Release|ARM.Build.0 = Release|ARM
		{382D35CB-2F13-4801-A728-210F803DAADB}.Release|ARM.Deploy.0 = Release|ARM
		{382D35CB-2F13-4801-A728-210F803DAADB}.Release|iPhone.ActiveCfg = Release|x86
		{382D35CB-2F13-4801-A728-210F803DAADB}.Release|iPhone.Build.0 = Release|x86
		{382D35CB-2F13-4801-A728-210F803DAADB}.Release|iPhone.Deploy.0 = Release|x86
		{382D35CB-2F13-4801-A728-210F803DAADB}.Release|iPhoneSimulator.ActiveCfg = Release|x86
		{382D35CB-2F13-4801-A728-210F803DAADB}.Release|iPhoneSimulator.Build.0 = Release|x86
		{382D35CB-2F13-4801-A728-210F803DAADB}.Release|iPhoneSimulator.Deploy.0 = Release|x86
		{382D35CB-2F13-4801-A728-210F803DAADB}.Release|x64.ActiveCfg = Release|x64
		{382D35CB-2F13-4801-A728-210F803DAADB}.Release|x64.Build.0 = Release|x64
		{382D35CB-2F13-4801-A728-210F803DAADB}.Release|x64.Deploy.0 = Release|x64
		{382D35CB-2F13-4801-A728-210F803DAADB}.Release|x86.ActiveCfg = Release|x86
		{382D35CB-2F13-4801-A728-210F803DAADB}.Release|x86.Build.0 = Release|x86
		{382D35CB-2F13-4801-A728-210F803DAADB}.Release|x86.Deploy.0 = Release|x86
		{E2F46E76-1514-418C-B1C9-39051CB85012}.Debug|Any CPU.ActiveCfg = Debug|Any CPU
		{E2F46E76-1514-418C-B1C9-39051CB85012}.Debug|Any CPU.Build.0 = Debug|Any CPU
		{E2F46E76-1514-418C-B1C9-39051CB85012}.Debug|Any CPU.Deploy.0 = Debug|Any CPU
		{E2F46E76-1514-418C-B1C9-39051CB85012}.Debug|ARM.ActiveCfg = Debug|Any CPU
		{E2F46E76-1514-418C-B1C9-39051CB85012}.Debug|ARM.Build.0 = Debug|Any CPU
		{E2F46E76-1514-418C-B1C9-39051CB85012}.Debug|ARM.Deploy.0 = Debug|Any CPU
		{E2F46E76-1514-418C-B1C9-39051CB85012}.Debug|iPhone.ActiveCfg = Debug|Any CPU
		{E2F46E76-1514-418C-B1C9-39051CB85012}.Debug|iPhone.Build.0 = Debug|Any CPU
		{E2F46E76-1514-418C-B1C9-39051CB85012}.Debug|iPhone.Deploy.0 = Debug|Any CPU
		{E2F46E76-1514-418C-B1C9-39051CB85012}.Debug|iPhoneSimulator.ActiveCfg = Debug|Any CPU
		{E2F46E76-1514-418C-B1C9-39051CB85012}.Debug|iPhoneSimulator.Build.0 = Debug|Any CPU
		{E2F46E76-1514-418C-B1C9-39051CB85012}.Debug|iPhoneSimulator.Deploy.0 = Debug|Any CPU
		{E2F46E76-1514-418C-B1C9-39051CB85012}.Debug|x64.ActiveCfg = Debug|Any CPU
		{E2F46E76-1514-418C-B1C9-39051CB85012}.Debug|x64.Build.0 = Debug|Any CPU
		{E2F46E76-1514-418C-B1C9-39051CB85012}.Debug|x64.Deploy.0 = Debug|Any CPU
		{E2F46E76-1514-418C-B1C9-39051CB85012}.Debug|x86.ActiveCfg = Debug|Any CPU
		{E2F46E76-1514-418C-B1C9-39051CB85012}.Debug|x86.Build.0 = Debug|Any CPU
		{E2F46E76-1514-418C-B1C9-39051CB85012}.Debug|x86.Deploy.0 = Debug|Any CPU
		{E2F46E76-1514-418C-B1C9-39051CB85012}.Release|Any CPU.ActiveCfg = Release|Any CPU
		{E2F46E76-1514-418C-B1C9-39051CB85012}.Release|Any CPU.Build.0 = Release|Any CPU
		{E2F46E76-1514-418C-B1C9-39051CB85012}.Release|Any CPU.Deploy.0 = Release|Any CPU
		{E2F46E76-1514-418C-B1C9-39051CB85012}.Release|ARM.ActiveCfg = Release|Any CPU
		{E2F46E76-1514-418C-B1C9-39051CB85012}.Release|ARM.Build.0 = Release|Any CPU
		{E2F46E76-1514-418C-B1C9-39051CB85012}.Release|ARM.Deploy.0 = Release|Any CPU
		{E2F46E76-1514-418C-B1C9-39051CB85012}.Release|iPhone.ActiveCfg = Release|Any CPU
		{E2F46E76-1514-418C-B1C9-39051CB85012}.Release|iPhone.Build.0 = Release|Any CPU
		{E2F46E76-1514-418C-B1C9-39051CB85012}.Release|iPhone.Deploy.0 = Release|Any CPU
		{E2F46E76-1514-418C-B1C9-39051CB85012}.Release|iPhoneSimulator.ActiveCfg = Release|Any CPU
		{E2F46E76-1514-418C-B1C9-39051CB85012}.Release|iPhoneSimulator.Build.0 = Release|Any CPU
		{E2F46E76-1514-418C-B1C9-39051CB85012}.Release|iPhoneSimulator.Deploy.0 = Release|Any CPU
		{E2F46E76-1514-418C-B1C9-39051CB85012}.Release|x64.ActiveCfg = Release|Any CPU
		{E2F46E76-1514-418C-B1C9-39051CB85012}.Release|x64.Build.0 = Release|Any CPU
		{E2F46E76-1514-418C-B1C9-39051CB85012}.Release|x64.Deploy.0 = Release|Any CPU
		{E2F46E76-1514-418C-B1C9-39051CB85012}.Release|x86.ActiveCfg = Release|Any CPU
		{E2F46E76-1514-418C-B1C9-39051CB85012}.Release|x86.Build.0 = Release|Any CPU
		{E2F46E76-1514-418C-B1C9-39051CB85012}.Release|x86.Deploy.0 = Release|Any CPU
		{0ED5E4A2-BB64-45D8-80DD-75F07E1FEDDD}.Debug|Any CPU.ActiveCfg = Debug|iPhone
		{0ED5E4A2-BB64-45D8-80DD-75F07E1FEDDD}.Debug|Any CPU.Build.0 = Debug|iPhone
		{0ED5E4A2-BB64-45D8-80DD-75F07E1FEDDD}.Debug|Any CPU.Deploy.0 = Debug|iPhone
		{0ED5E4A2-BB64-45D8-80DD-75F07E1FEDDD}.Debug|ARM.ActiveCfg = Debug|iPhone
		{0ED5E4A2-BB64-45D8-80DD-75F07E1FEDDD}.Debug|ARM.Build.0 = Debug|iPhone
		{0ED5E4A2-BB64-45D8-80DD-75F07E1FEDDD}.Debug|ARM.Deploy.0 = Debug|iPhone
		{0ED5E4A2-BB64-45D8-80DD-75F07E1FEDDD}.Debug|iPhone.ActiveCfg = Debug|iPhone
		{0ED5E4A2-BB64-45D8-80DD-75F07E1FEDDD}.Debug|iPhone.Build.0 = Debug|iPhone
		{0ED5E4A2-BB64-45D8-80DD-75F07E1FEDDD}.Debug|iPhone.Deploy.0 = Debug|iPhone
		{0ED5E4A2-BB64-45D8-80DD-75F07E1FEDDD}.Debug|iPhoneSimulator.ActiveCfg = Debug|iPhoneSimulator
		{0ED5E4A2-BB64-45D8-80DD-75F07E1FEDDD}.Debug|iPhoneSimulator.Build.0 = Debug|iPhoneSimulator
		{0ED5E4A2-BB64-45D8-80DD-75F07E1FEDDD}.Debug|iPhoneSimulator.Deploy.0 = Debug|iPhoneSimulator
		{0ED5E4A2-BB64-45D8-80DD-75F07E1FEDDD}.Debug|x64.ActiveCfg = Debug|iPhone
		{0ED5E4A2-BB64-45D8-80DD-75F07E1FEDDD}.Debug|x64.Build.0 = Debug|iPhone
		{0ED5E4A2-BB64-45D8-80DD-75F07E1FEDDD}.Debug|x64.Deploy.0 = Debug|iPhone
		{0ED5E4A2-BB64-45D8-80DD-75F07E1FEDDD}.Debug|x86.ActiveCfg = Debug|iPhone
		{0ED5E4A2-BB64-45D8-80DD-75F07E1FEDDD}.Debug|x86.Build.0 = Debug|iPhone
		{0ED5E4A2-BB64-45D8-80DD-75F07E1FEDDD}.Debug|x86.Deploy.0 = Debug|iPhone
		{0ED5E4A2-BB64-45D8-80DD-75F07E1FEDDD}.Release|Any CPU.ActiveCfg = Release|iPhone
		{0ED5E4A2-BB64-45D8-80DD-75F07E1FEDDD}.Release|Any CPU.Build.0 = Release|iPhone
		{0ED5E4A2-BB64-45D8-80DD-75F07E1FEDDD}.Release|Any CPU.Deploy.0 = Release|iPhone
		{0ED5E4A2-BB64-45D8-80DD-75F07E1FEDDD}.Release|ARM.ActiveCfg = Release|iPhone
		{0ED5E4A2-BB64-45D8-80DD-75F07E1FEDDD}.Release|ARM.Build.0 = Release|iPhone
		{0ED5E4A2-BB64-45D8-80DD-75F07E1FEDDD}.Release|ARM.Deploy.0 = Release|iPhone
		{0ED5E4A2-BB64-45D8-80DD-75F07E1FEDDD}.Release|iPhone.ActiveCfg = Release|iPhone
		{0ED5E4A2-BB64-45D8-80DD-75F07E1FEDDD}.Release|iPhone.Build.0 = Release|iPhone
		{0ED5E4A2-BB64-45D8-80DD-75F07E1FEDDD}.Release|iPhone.Deploy.0 = Release|iPhone
		{0ED5E4A2-BB64-45D8-80DD-75F07E1FEDDD}.Release|iPhoneSimulator.ActiveCfg = Release|iPhoneSimulator
		{0ED5E4A2-BB64-45D8-80DD-75F07E1FEDDD}.Release|iPhoneSimulator.Build.0 = Release|iPhoneSimulator
		{0ED5E4A2-BB64-45D8-80DD-75F07E1FEDDD}.Release|iPhoneSimulator.Deploy.0 = Release|iPhoneSimulator
		{0ED5E4A2-BB64-45D8-80DD-75F07E1FEDDD}.Release|x64.ActiveCfg = Release|iPhone
		{0ED5E4A2-BB64-45D8-80DD-75F07E1FEDDD}.Release|x64.Build.0 = Release|iPhone
		{0ED5E4A2-BB64-45D8-80DD-75F07E1FEDDD}.Release|x64.Deploy.0 = Release|iPhone
		{0ED5E4A2-BB64-45D8-80DD-75F07E1FEDDD}.Release|x86.ActiveCfg = Release|iPhone
		{0ED5E4A2-BB64-45D8-80DD-75F07E1FEDDD}.Release|x86.Build.0 = Release|iPhone
		{0ED5E4A2-BB64-45D8-80DD-75F07E1FEDDD}.Release|x86.Deploy.0 = Release|iPhone
		{63A12F49-362F-4560-9754-174AA7DE63E5}.Debug|Any CPU.ActiveCfg = Debug|Any CPU
		{63A12F49-362F-4560-9754-174AA7DE63E5}.Debug|Any CPU.Build.0 = Debug|Any CPU
		{63A12F49-362F-4560-9754-174AA7DE63E5}.Debug|Any CPU.Deploy.0 = Debug|Any CPU
		{63A12F49-362F-4560-9754-174AA7DE63E5}.Debug|ARM.ActiveCfg = Debug|Any CPU
		{63A12F49-362F-4560-9754-174AA7DE63E5}.Debug|ARM.Build.0 = Debug|Any CPU
		{63A12F49-362F-4560-9754-174AA7DE63E5}.Debug|ARM.Deploy.0 = Debug|Any CPU
		{63A12F49-362F-4560-9754-174AA7DE63E5}.Debug|iPhone.ActiveCfg = Debug|Any CPU
		{63A12F49-362F-4560-9754-174AA7DE63E5}.Debug|iPhone.Build.0 = Debug|Any CPU
		{63A12F49-362F-4560-9754-174AA7DE63E5}.Debug|iPhone.Deploy.0 = Debug|Any CPU
		{63A12F49-362F-4560-9754-174AA7DE63E5}.Debug|iPhoneSimulator.ActiveCfg = Debug|Any CPU
		{63A12F49-362F-4560-9754-174AA7DE63E5}.Debug|iPhoneSimulator.Build.0 = Debug|Any CPU
		{63A12F49-362F-4560-9754-174AA7DE63E5}.Debug|iPhoneSimulator.Deploy.0 = Debug|Any CPU
		{63A12F49-362F-4560-9754-174AA7DE63E5}.Debug|x64.ActiveCfg = Debug|Any CPU
		{63A12F49-362F-4560-9754-174AA7DE63E5}.Debug|x64.Build.0 = Debug|Any CPU
		{63A12F49-362F-4560-9754-174AA7DE63E5}.Debug|x64.Deploy.0 = Debug|Any CPU
		{63A12F49-362F-4560-9754-174AA7DE63E5}.Debug|x86.ActiveCfg = Debug|Any CPU
		{63A12F49-362F-4560-9754-174AA7DE63E5}.Debug|x86.Build.0 = Debug|Any CPU
		{63A12F49-362F-4560-9754-174AA7DE63E5}.Debug|x86.Deploy.0 = Debug|Any CPU
		{63A12F49-362F-4560-9754-174AA7DE63E5}.Release|Any CPU.ActiveCfg = Release|Any CPU
		{63A12F49-362F-4560-9754-174AA7DE63E5}.Release|Any CPU.Build.0 = Release|Any CPU
		{63A12F49-362F-4560-9754-174AA7DE63E5}.Release|Any CPU.Deploy.0 = Release|Any CPU
		{63A12F49-362F-4560-9754-174AA7DE63E5}.Release|ARM.ActiveCfg = Release|Any CPU
		{63A12F49-362F-4560-9754-174AA7DE63E5}.Release|ARM.Build.0 = Release|Any CPU
		{63A12F49-362F-4560-9754-174AA7DE63E5}.Release|ARM.Deploy.0 = Release|Any CPU
		{63A12F49-362F-4560-9754-174AA7DE63E5}.Release|iPhone.ActiveCfg = Release|Any CPU
		{63A12F49-362F-4560-9754-174AA7DE63E5}.Release|iPhone.Build.0 = Release|Any CPU
		{63A12F49-362F-4560-9754-174AA7DE63E5}.Release|iPhone.Deploy.0 = Release|Any CPU
		{63A12F49-362F-4560-9754-174AA7DE63E5}.Release|iPhoneSimulator.ActiveCfg = Release|Any CPU
		{63A12F49-362F-4560-9754-174AA7DE63E5}.Release|iPhoneSimulator.Build.0 = Release|Any CPU
		{63A12F49-362F-4560-9754-174AA7DE63E5}.Release|iPhoneSimulator.Deploy.0 = Release|Any CPU
		{63A12F49-362F-4560-9754-174AA7DE63E5}.Release|x64.ActiveCfg = Release|Any CPU
		{63A12F49-362F-4560-9754-174AA7DE63E5}.Release|x64.Build.0 = Release|Any CPU
		{63A12F49-362F-4560-9754-174AA7DE63E5}.Release|x64.Deploy.0 = Release|Any CPU
		{63A12F49-362F-4560-9754-174AA7DE63E5}.Release|x86.ActiveCfg = Release|Any CPU
		{63A12F49-362F-4560-9754-174AA7DE63E5}.Release|x86.Build.0 = Release|Any CPU
		{63A12F49-362F-4560-9754-174AA7DE63E5}.Release|x86.Deploy.0 = Release|Any CPU
	EndGlobalSection
	GlobalSection(SolutionProperties) = preSolution
		HideSolutionNode = FALSE
	EndGlobalSection
	GlobalSection(ExtensibilityGlobals) = postSolution
		SolutionGuid = {41E7FAF5-53E4-455A-94C7-787FFC605174}
	EndGlobalSection
EndGlobal
