
Microsoft Visual Studio Solution File, Format Version 12.00
# Visual Studio Version 16
VisualStudioVersion = 16.0.31105.61
MinimumVisualStudioVersion = 10.0.40219.1
Project("{FAE04EC0-301F-11D3-BF4B-00C04F79EFBC}") = "Lyrical", "ProjectorProMobile\ProjectorProMobile.iOS\Lyrical.csproj", "{E1A3B8AB-92B2-430E-9AF7-220268EF7C8A}"
EndProject
Project("{9A19103F-16F7-4668-BE54-9A1E7A4F7556}") = "ProjectorProMobile", "ProjectorProMobile\ProjectorProMobile\ProjectorProMobile.csproj", "{2CB23841-E94C-4A1F-9451-BA08336FB83C}"
EndProject
Project("{9344BDBB-3E7F-41FC-A0DD-8665D75EE146}") = "ProjectorProMobile.Android", "ProjectorProMobile\ProjectorProMobile.Android\ProjectorProMobile.Android.csproj", "{4BDCAFE6-CBD5-4086-8C8D-AA18AFEE6831}"
EndProject
Global
	GlobalSection(SolutionConfigurationPlatforms) = preSolution
		Debug|Any CPU = Debug|Any CPU
		Debug|iPhone = Debug|iPhone
		Debug|iPhoneSimulator = Debug|iPhoneSimulator
		Release|Any CPU = Release|Any CPU
		Release|iPhone = Release|iPhone
		Release|iPhoneSimulator = Release|iPhoneSimulator
	EndGlobalSection
	GlobalSection(ProjectConfigurationPlatforms) = postSolution
		{E1A3B8AB-92B2-430E-9AF7-220268EF7C8A}.Debug|Any CPU.ActiveCfg = Debug|iPhone
		{E1A3B8AB-92B2-430E-9AF7-220268EF7C8A}.Debug|Any CPU.Build.0 = Debug|iPhone
		{E1A3B8AB-92B2-430E-9AF7-220268EF7C8A}.Debug|Any CPU.Deploy.0 = Debug|iPhone
		{E1A3B8AB-92B2-430E-9AF7-220268EF7C8A}.Debug|iPhone.ActiveCfg = Debug|iPhone
		{E1A3B8AB-92B2-430E-9AF7-220268EF7C8A}.Debug|iPhone.Build.0 = Debug|iPhone
		{E1A3B8AB-92B2-430E-9AF7-220268EF7C8A}.Debug|iPhone.Deploy.0 = Debug|iPhone
		{E1A3B8AB-92B2-430E-9AF7-220268EF7C8A}.Debug|iPhoneSimulator.ActiveCfg = Debug|iPhoneSimulator
		{E1A3B8AB-92B2-430E-9AF7-220268EF7C8A}.Debug|iPhoneSimulator.Build.0 = Debug|iPhoneSimulator
		{E1A3B8AB-92B2-430E-9AF7-220268EF7C8A}.Debug|iPhoneSimulator.Deploy.0 = Debug|iPhoneSimulator
		{E1A3B8AB-92B2-430E-9AF7-220268EF7C8A}.Release|Any CPU.ActiveCfg = Release|iPhoneSimulator
		{E1A3B8AB-92B2-430E-9AF7-220268EF7C8A}.Release|Any CPU.Build.0 = Release|iPhoneSimulator
		{E1A3B8AB-92B2-430E-9AF7-220268EF7C8A}.Release|Any CPU.Deploy.0 = Release|iPhoneSimulator
		{E1A3B8AB-92B2-430E-9AF7-220268EF7C8A}.Release|iPhone.ActiveCfg = Release|iPhone
		{E1A3B8AB-92B2-430E-9AF7-220268EF7C8A}.Release|iPhone.Build.0 = Release|iPhone
		{E1A3B8AB-92B2-430E-9AF7-220268EF7C8A}.Release|iPhone.Deploy.0 = Release|iPhone
		{E1A3B8AB-92B2-430E-9AF7-220268EF7C8A}.Release|iPhoneSimulator.ActiveCfg = Release|iPhoneSimulator
		{E1A3B8AB-92B2-430E-9AF7-220268EF7C8A}.Release|iPhoneSimulator.Build.0 = Release|iPhoneSimulator
		{E1A3B8AB-92B2-430E-9AF7-220268EF7C8A}.Release|iPhoneSimulator.Deploy.0 = Release|iPhoneSimulator
		{2CB23841-E94C-4A1F-9451-BA08336FB83C}.Debug|Any CPU.ActiveCfg = Debug|Any CPU
		{2CB23841-E94C-4A1F-9451-BA08336FB83C}.Debug|Any CPU.Build.0 = Debug|Any CPU
		{2CB23841-E94C-4A1F-9451-BA08336FB83C}.Debug|Any CPU.Deploy.0 = Debug|Any CPU
		{2CB23841-E94C-4A1F-9451-BA08336FB83C}.Debug|iPhone.ActiveCfg = Debug|Any CPU
		{2CB23841-E94C-4A1F-9451-BA08336FB83C}.Debug|iPhone.Build.0 = Debug|Any CPU
		{2CB23841-E94C-4A1F-9451-BA08336FB83C}.Debug|iPhone.Deploy.0 = Debug|Any CPU
		{2CB23841-E94C-4A1F-9451-BA08336FB83C}.Debug|iPhoneSimulator.ActiveCfg = Debug|Any CPU
		{2CB23841-E94C-4A1F-9451-BA08336FB83C}.Debug|iPhoneSimulator.Build.0 = Debug|Any CPU
		{2CB23841-E94C-4A1F-9451-BA08336FB83C}.Debug|iPhoneSimulator.Deploy.0 = Debug|Any CPU
		{2CB23841-E94C-4A1F-9451-BA08336FB83C}.Release|Any CPU.ActiveCfg = Release|Any CPU
		{2CB23841-E94C-4A1F-9451-BA08336FB83C}.Release|Any CPU.Build.0 = Release|Any CPU
		{2CB23841-E94C-4A1F-9451-BA08336FB83C}.Release|Any CPU.Deploy.0 = Release|Any CPU
		{2CB23841-E94C-4A1F-9451-BA08336FB83C}.Release|iPhone.ActiveCfg = Release|Any CPU
		{2CB23841-E94C-4A1F-9451-BA08336FB83C}.Release|iPhone.Build.0 = Release|Any CPU
		{2CB23841-E94C-4A1F-9451-BA08336FB83C}.Release|iPhone.Deploy.0 = Release|Any CPU
		{2CB23841-E94C-4A1F-9451-BA08336FB83C}.Release|iPhoneSimulator.ActiveCfg = Release|Any CPU
		{2CB23841-E94C-4A1F-9451-BA08336FB83C}.Release|iPhoneSimulator.Build.0 = Release|Any CPU
		{2CB23841-E94C-4A1F-9451-BA08336FB83C}.Release|iPhoneSimulator.Deploy.0 = Release|Any CPU
		{4BDCAFE6-CBD5-4086-8C8D-AA18AFEE6831}.Debug|Any CPU.ActiveCfg = Debug|Any CPU
		{4BDCAFE6-CBD5-4086-8C8D-AA18AFEE6831}.Debug|Any CPU.Build.0 = Debug|Any CPU
		{4BDCAFE6-CBD5-4086-8C8D-AA18AFEE6831}.Debug|Any CPU.Deploy.0 = Debug|Any CPU
		{4BDCAFE6-CBD5-4086-8C8D-AA18AFEE6831}.Debug|iPhone.ActiveCfg = Debug|Any CPU
		{4BDCAFE6-CBD5-4086-8C8D-AA18AFEE6831}.Debug|iPhone.Build.0 = Debug|Any CPU
		{4BDCAFE6-CBD5-4086-8C8D-AA18AFEE6831}.Debug|iPhone.Deploy.0 = Debug|Any CPU
		{4BDCAFE6-CBD5-4086-8C8D-AA18AFEE6831}.Debug|iPhoneSimulator.ActiveCfg = Debug|Any CPU
		{4BDCAFE6-CBD5-4086-8C8D-AA18AFEE6831}.Debug|iPhoneSimulator.Build.0 = Debug|Any CPU
		{4BDCAFE6-CBD5-4086-8C8D-AA18AFEE6831}.Debug|iPhoneSimulator.Deploy.0 = Debug|Any CPU
		{4BDCAFE6-CBD5-4086-8C8D-AA18AFEE6831}.Release|Any CPU.ActiveCfg = Release|Any CPU
		{4BDCAFE6-CBD5-4086-8C8D-AA18AFEE6831}.Release|Any CPU.Build.0 = Release|Any CPU
		{4BDCAFE6-CBD5-4086-8C8D-AA18AFEE6831}.Release|Any CPU.Deploy.0 = Release|Any CPU
		{4BDCAFE6-CBD5-4086-8C8D-AA18AFEE6831}.Release|iPhone.ActiveCfg = Release|Any CPU
		{4BDCAFE6-CBD5-4086-8C8D-AA18AFEE6831}.Release|iPhone.Build.0 = Release|Any CPU
		{4BDCAFE6-CBD5-4086-8C8D-AA18AFEE6831}.Release|iPhone.Deploy.0 = Release|Any CPU
		{4BDCAFE6-CBD5-4086-8C8D-AA18AFEE6831}.Release|iPhoneSimulator.ActiveCfg = Release|Any CPU
		{4BDCAFE6-CBD5-4086-8C8D-AA18AFEE6831}.Release|iPhoneSimulator.Build.0 = Release|Any CPU
		{4BDCAFE6-CBD5-4086-8C8D-AA18AFEE6831}.Release|iPhoneSimulator.Deploy.0 = Release|Any CPU
	EndGlobalSection
	GlobalSection(SolutionProperties) = preSolution
		HideSolutionNode = FALSE
	EndGlobalSection
	GlobalSection(ExtensibilityGlobals) = postSolution
		SolutionGuid = {121DDAB3-3C85-4DC5-961D-7CBF0171C3EE}
	EndGlobalSection
EndGlobal
